// !$*UTF8*$!
{
	archiveVersion = 1;
	classes = {
	};
	objectVersion = 50;
	objects = {

/* Begin PBXBuildFile section */
		ECF10A1225BD8FB800E9A7FC /* AppDelegate.swift in Sources */ = {isa = PBXBuildFile; fileRef = ECF10A1125BD8FB800E9A7FC /* AppDelegate.swift */; };
		ECF10A1425BD8FB800E9A7FC /* SceneDelegate.swift in Sources */ = {isa = PBXBuildFile; fileRef = ECF10A1325BD8FB800E9A7FC /* SceneDelegate.swift */; };
		ECF10A1625BD8FB800E9A7FC /* ViewController.swift in Sources */ = {isa = PBXBuildFile; fileRef = ECF10A1525BD8FB800E9A7FC /* ViewController.swift */; };
		ECF10A1925BD8FB800E9A7FC /* Main.storyboard in Resources */ = {isa = PBXBuildFile; fileRef = ECF10A1725BD8FB800E9A7FC /* Main.storyboard */; };
		ECF10A1B25BD8FBA00E9A7FC /* Assets.xcassets in Resources */ = {isa = PBXBuildFile; fileRef = ECF10A1A25BD8FBA00E9A7FC /* Assets.xcassets */; };
		ECF10A1E25BD8FBA00E9A7FC /* LaunchScreen.storyboard in Resources */ = {isa = PBXBuildFile; fileRef = ECF10A1C25BD8FBA00E9A7FC /* LaunchScreen.storyboard */; };
		ECF10A2925BD8FBB00E9A7FC /* BullseyeTests.swift in Sources */ = {isa = PBXBuildFile; fileRef = ECF10A2825BD8FBB00E9A7FC /* BullseyeTests.swift */; };
		ECF10A3425BD8FBB00E9A7FC /* BullseyeUITests.swift in Sources */ = {isa = PBXBuildFile; fileRef = ECF10A3325BD8FBB00E9A7FC /* BullseyeUITests.swift */; };
/* End PBXBuildFile section */

/* Begin PBXContainerItemProxy section */
		ECF10A2525BD8FBB00E9A7FC /* PBXContainerItemProxy */ = {
			isa = PBXContainerItemProxy;
			containerPortal = ECF10A0625BD8FB800E9A7FC /* Project object */;
			proxyType = 1;
			remoteGlobalIDString = ECF10A0D25BD8FB800E9A7FC;
			remoteInfo = Bullseye;
		};
		ECF10A3025BD8FBB00E9A7FC /* PBXContainerItemProxy */ = {
			isa = PBXContainerItemProxy;
			containerPortal = ECF10A0625BD8FB800E9A7FC /* Project object */;
			proxyType = 1;
			remoteGlobalIDString = ECF10A0D25BD8FB800E9A7FC;
			remoteInfo = Bullseye;
		};
/* End PBXContainerItemProxy section */

/* Begin PBXFileReference section */
		ECF10A0E25BD8FB800E9A7FC /* Bullseye.app */ = {isa = PBXFileReference; explicitFileType = wrapper.application; includeInIndex = 0; path = Bullseye.app; sourceTree = BUILT_PRODUCTS_DIR; };
		ECF10A1125BD8FB800E9A7FC /* AppDelegate.swift */ = {isa = PBXFileReference; lastKnownFileType = sourcecode.swift; path = AppDelegate.swift; sourceTree = "<group>"; };
		ECF10A1325BD8FB800E9A7FC /* SceneDelegate.swift */ = {isa = PBXFileReference; lastKnownFileType = sourcecode.swift; path = SceneDelegate.swift; sourceTree = "<group>"; };
		ECF10A1525BD8FB800E9A7FC /* ViewController.swift */ = {isa = PBXFileReference; lastKnownFileType = sourcecode.swift; path = ViewController.swift; sourceTree = "<group>"; };
		ECF10A1825BD8FB800E9A7FC /* Base */ = {isa = PBXFileReference; lastKnownFileType = file.storyboard; name = Base; path = Base.lproj/Main.storyboard; sourceTree = "<group>"; };
		ECF10A1A25BD8FBA00E9A7FC /* Assets.xcassets */ = {isa = PBXFileReference; lastKnownFileType = folder.assetcatalog; path = Assets.xcassets; sourceTree = "<group>"; };
		ECF10A1D25BD8FBA00E9A7FC /* Base */ = {isa = PBXFileReference; lastKnownFileType = file.storyboard; name = Base; path = Base.lproj/LaunchScreen.storyboard; sourceTree = "<group>"; };
		ECF10A1F25BD8FBA00E9A7FC /* Info.plist */ = {isa = PBXFileReference; lastKnownFileType = text.plist.xml; path = Info.plist; sourceTree = "<group>"; };
		ECF10A2425BD8FBB00E9A7FC /* BullseyeTests.xctest */ = {isa = PBXFileReference; explicitFileType = wrapper.cfbundle; includeInIndex = 0; path = BullseyeTests.xctest; sourceTree = BUILT_PRODUCTS_DIR; };
		ECF10A2825BD8FBB00E9A7FC /* BullseyeTests.swift */ = {isa = PBXFileReference; lastKnownFileType = sourcecode.swift; path = BullseyeTests.swift; sourceTree = "<group>"; };
		ECF10A2A25BD8FBB00E9A7FC /* Info.plist */ = {isa = PBXFileReference; lastKnownFileType = text.plist.xml; path = Info.plist; sourceTree = "<group>"; };
		ECF10A2F25BD8FBB00E9A7FC /* BullseyeUITests.xctest */ = {isa = PBXFileReference; explicitFileType = wrapper.cfbundle; includeInIndex = 0; path = BullseyeUITests.xctest; sourceTree = BUILT_PRODUCTS_DIR; };
		ECF10A3325BD8FBB00E9A7FC /* BullseyeUITests.swift */ = {isa = PBXFileReference; lastKnownFileType = sourcecode.swift; path = BullseyeUITests.swift; sourceTree = "<group>"; };
		ECF10A3525BD8FBB00E9A7FC /* Info.plist */ = {isa = PBXFileReference; lastKnownFileType = text.plist.xml; path = Info.plist; sourceTree = "<group>"; };
/* End PBXFileReference section */

/* Begin PBXFrameworksBuildPhase section */
		ECF10A0B25BD8FB800E9A7FC /* Frameworks */ = {
			isa = PBXFrameworksBuildPhase;
			buildActionMask = 2147483647;
			files = (
			);
			runOnlyForDeploymentPostprocessing = 0;
		};
		ECF10A2125BD8FBB00E9A7FC /* Frameworks */ = {
			isa = PBXFrameworksBuildPhase;
			buildActionMask = 2147483647;
			files = (
			);
			runOnlyForDeploymentPostprocessing = 0;
		};
		ECF10A2C25BD8FBB00E9A7FC /* Frameworks */ = {
			isa = PBXFrameworksBuildPhase;
			buildActionMask = 2147483647;
			files = (
			);
			runOnlyForDeploymentPostprocessing = 0;
		};
/* End PBXFrameworksBuildPhase section */

/* Begin PBXGroup section */
		ECF10A0525BD8FB800E9A7FC = {
			isa = PBXGroup;
			children = (
				ECF10A1025BD8FB800E9A7FC /* Bullseye */,
				ECF10A2725BD8FBB00E9A7FC /* BullseyeTests */,
				ECF10A3225BD8FBB00E9A7FC /* BullseyeUITests */,
				ECF10A0F25BD8FB800E9A7FC /* Products */,
			);
			sourceTree = "<group>";
		};
		ECF10A0F25BD8FB800E9A7FC /* Products */ = {
			isa = PBXGroup;
			children = (
				ECF10A0E25BD8FB800E9A7FC /* Bullseye.app */,
				ECF10A2425BD8FBB00E9A7FC /* BullseyeTests.xctest */,
				ECF10A2F25BD8FBB00E9A7FC /* BullseyeUITests.xctest */,
			);
			name = Products;
			sourceTree = "<group>";
		};
		ECF10A1025BD8FB800E9A7FC /* Bullseye */ = {
			isa = PBXGroup;
			children = (
				ECF10A1125BD8FB800E9A7FC /* AppDelegate.swift */,
				ECF10A1325BD8FB800E9A7FC /* SceneDelegate.swift */,
				ECF10A1525BD8FB800E9A7FC /* ViewController.swift */,
				ECF10A1725BD8FB800E9A7FC /* Main.storyboard */,
				ECF10A1A25BD8FBA00E9A7FC /* Assets.xcassets */,
				ECF10A1C25BD8FBA00E9A7FC /* LaunchScreen.storyboard */,
				ECF10A1F25BD8FBA00E9A7FC /* Info.plist */,
			);
			path = Bullseye;
			sourceTree = "<group>";
		};
		ECF10A2725BD8FBB00E9A7FC /* BullseyeTests */ = {
			isa = PBXGroup;
			children = (
				ECF10A2825BD8FBB00E9A7FC /* BullseyeTests.swift */,
				ECF10A2A25BD8FBB00E9A7FC /* Info.plist */,
			);
			path = BullseyeTests;
			sourceTree = "<group>";
		};
		ECF10A3225BD8FBB00E9A7FC /* BullseyeUITests */ = {
			isa = PBXGroup;
			children = (
				ECF10A3325BD8FBB00E9A7FC /* BullseyeUITests.swift */,
				ECF10A3525BD8FBB00E9A7FC /* Info.plist */,
			);
			path = BullseyeUITests;
			sourceTree = "<group>";
		};
/* End PBXGroup section */

/* Begin PBXNativeTarget section */
		ECF10A0D25BD8FB800E9A7FC /* Bullseye */ = {
			isa = PBXNativeTarget;
			buildConfigurationList = ECF10A3825BD8FBB00E9A7FC /* Build configuration list for PBXNativeTarget "Bullseye" */;
			buildPhases = (
				ECF10A0A25BD8FB800E9A7FC /* Sources */,
				ECF10A0B25BD8FB800E9A7FC /* Frameworks */,
				ECF10A0C25BD8FB800E9A7FC /* Resources */,
			);
			buildRules = (
			);
			dependencies = (
			);
			name = Bullseye;
			productName = Bullseye;
			productReference = ECF10A0E25BD8FB800E9A7FC /* Bullseye.app */;
			productType = "com.apple.product-type.application";
		};
		ECF10A2325BD8FBB00E9A7FC /* BullseyeTests */ = {
			isa = PBXNativeTarget;
			buildConfigurationList = ECF10A3B25BD8FBB00E9A7FC /* Build configuration list for PBXNativeTarget "BullseyeTests" */;
			buildPhases = (
				ECF10A2025BD8FBB00E9A7FC /* Sources */,
				ECF10A2125BD8FBB00E9A7FC /* Frameworks */,
				ECF10A2225BD8FBB00E9A7FC /* Resources */,
			);
			buildRules = (
			);
			dependencies = (
				ECF10A2625BD8FBB00E9A7FC /* PBXTargetDependency */,
			);
			name = BullseyeTests;
			productName = BullseyeTests;
			productReference = ECF10A2425BD8FBB00E9A7FC /* BullseyeTests.xctest */;
			productType = "com.apple.product-type.bundle.unit-test";
		};
		ECF10A2E25BD8FBB00E9A7FC /* BullseyeUITests */ = {
			isa = PBXNativeTarget;
			buildConfigurationList = ECF10A3E25BD8FBB00E9A7FC /* Build configuration list for PBXNativeTarget "BullseyeUITests" */;
			buildPhases = (
				ECF10A2B25BD8FBB00E9A7FC /* Sources */,
				ECF10A2C25BD8FBB00E9A7FC /* Frameworks */,
				ECF10A2D25BD8FBB00E9A7FC /* Resources */,
			);
			buildRules = (
			);
			dependencies = (
				ECF10A3125BD8FBB00E9A7FC /* PBXTargetDependency */,
			);
			name = BullseyeUITests;
			productName = BullseyeUITests;
			productReference = ECF10A2F25BD8FBB00E9A7FC /* BullseyeUITests.xctest */;
			productType = "com.apple.product-type.bundle.ui-testing";
		};
/* End PBXNativeTarget section */

/* Begin PBXProject section */
		ECF10A0625BD8FB800E9A7FC /* Project object */ = {
			isa = PBXProject;
			attributes = {
				LastSwiftUpdateCheck = 1130;
				LastUpgradeCheck = 1130;
				ORGANIZATIONNAME = technocrats;
				TargetAttributes = {
					ECF10A0D25BD8FB800E9A7FC = {
						CreatedOnToolsVersion = 11.3.1;
					};
					ECF10A2325BD8FBB00E9A7FC = {
						CreatedOnToolsVersion = 11.3.1;
						TestTargetID = ECF10A0D25BD8FB800E9A7FC;
					};
					ECF10A2E25BD8FBB00E9A7FC = {
						CreatedOnToolsVersion = 11.3.1;
						TestTargetID = ECF10A0D25BD8FB800E9A7FC;
					};
				};
			};
			buildConfigurationList = ECF10A0925BD8FB800E9A7FC /* Build configuration list for PBXProject "Bullseye" */;
			compatibilityVersion = "Xcode 9.3";
			developmentRegion = en;
			hasScannedForEncodings = 0;
			knownRegions = (
				en,
				Base,
			);
			mainGroup = ECF10A0525BD8FB800E9A7FC;
			productRefGroup = ECF10A0F25BD8FB800E9A7FC /* Products */;
			projectDirPath = "";
			projectRoot = "";
			targets = (
				ECF10A0D25BD8FB800E9A7FC /* Bullseye */,
				ECF10A2325BD8FBB00E9A7FC /* BullseyeTests */,
				ECF10A2E25BD8FBB00E9A7FC /* BullseyeUITests */,
			);
		};
/* End PBXProject section */

/* Begin PBXResourcesBuildPhase section */
		ECF10A0C25BD8FB800E9A7FC /* Resources */ = {
			isa = PBXResourcesBuildPhase;
			buildActionMask = 2147483647;
			files = (
				ECF10A1E25BD8FBA00E9A7FC /* LaunchScreen.storyboard in Resources */,
				ECF10A1B25BD8FBA00E9A7FC /* Assets.xcassets in Resources */,
				ECF10A1925BD8FB800E9A7FC /* Main.storyboard in Resources */,
			);
			runOnlyForDeploymentPostprocessing = 0;
		};
		ECF10A2225BD8FBB00E9A7FC /* Resources */ = {
			isa = PBXResourcesBuildPhase;
			buildActionMask = 2147483647;
			files = (
			);
			runOnlyForDeploymentPostprocessing = 0;
		};
		ECF10A2D25BD8FBB00E9A7FC /* Resources */ = {
			isa = PBXResourcesBuildPhase;
			buildActionMask = 2147483647;
			files = (
			);
			runOnlyForDeploymentPostprocessing = 0;
		};
/* End PBXResourcesBuildPhase section */

/* Begin PBXSourcesBuildPhase section */
		ECF10A0A25BD8FB800E9A7FC /* Sources */ = {
			isa = PBXSourcesBuildPhase;
			buildActionMask = 2147483647;
			files = (
				ECF10A1625BD8FB800E9A7FC /* ViewController.swift in Sources */,
				ECF10A1225BD8FB800E9A7FC /* AppDelegate.swift in Sources */,
				ECF10A1425BD8FB800E9A7FC /* SceneDelegate.swift in Sources */,
			);
			runOnlyForDeploymentPostprocessing = 0;
		};
		ECF10A2025BD8FBB00E9A7FC /* Sources */ = {
			isa = PBXSourcesBuildPhase;
			buildActionMask = 2147483647;
			files = (
				ECF10A2925BD8FBB00E9A7FC /* BullseyeTests.swift in Sources */,
			);
			runOnlyForDeploymentPostprocessing = 0;
		};
		ECF10A2B25BD8FBB00E9A7FC /* Sources */ = {
			isa = PBXSourcesBuildPhase;
			buildActionMask = 2147483647;
			files = (
				ECF10A3425BD8FBB00E9A7FC /* BullseyeUITests.swift in Sources */,
			);
			runOnlyForDeploymentPostprocessing = 0;
		};
/* End PBXSourcesBuildPhase section */

/* Begin PBXTargetDependency section */
		ECF10A2625BD8FBB00E9A7FC /* PBXTargetDependency */ = {
			isa = PBXTargetDependency;
			target = ECF10A0D25BD8FB800E9A7FC /* Bullseye */;
			targetProxy = ECF10A2525BD8FBB00E9A7FC /* PBXContainerItemProxy */;
		};
		ECF10A3125BD8FBB00E9A7FC /* PBXTargetDependency */ = {
			isa = PBXTargetDependency;
			target = ECF10A0D25BD8FB800E9A7FC /* Bullseye */;
			targetProxy = ECF10A3025BD8FBB00E9A7FC /* PBXContainerItemProxy */;
		};
/* End PBXTargetDependency section */

/* Begin PBXVariantGroup section */
		ECF10A1725BD8FB800E9A7FC /* Main.storyboard */ = {
			isa = PBXVariantGroup;
			children = (
				ECF10A1825BD8FB800E9A7FC /* Base */,
			);
			name = Main.storyboard;
			sourceTree = "<group>";
		};
		ECF10A1C25BD8FBA00E9A7FC /* LaunchScreen.storyboard */ = {
			isa = PBXVariantGroup;
			children = (
				ECF10A1D25BD8FBA00E9A7FC /* Base */,
			);
			name = LaunchScreen.storyboard;
			sourceTree = "<group>";
		};
/* End PBXVariantGroup section */

/* Begin XCBuildConfiguration section */
		ECF10A3625BD8FBB00E9A7FC /* Debug */ = {
			isa = XCBuildConfiguration;
			buildSettings = {
				ALWAYS_SEARCH_USER_PATHS = NO;
				CLANG_ANALYZER_NONNULL = YES;
				CLANG_ANALYZER_NUMBER_OBJECT_CONVERSION = YES_AGGRESSIVE;
				CLANG_CXX_LANGUAGE_STANDARD = "gnu++14";
				CLANG_CXX_LIBRARY = "libc++";
				CLANG_ENABLE_MODULES = YES;
				CLANG_ENABLE_OBJC_ARC = YES;
				CLANG_ENABLE_OBJC_WEAK = YES;
				CLANG_WARN_BLOCK_CAPTURE_AUTORELEASING = YES;
				CLANG_WARN_BOOL_CONVERSION = YES;
				CLANG_WARN_COMMA = YES;
				CLANG_WARN_CONSTANT_CONVERSION = YES;
				CLANG_WARN_DEPRECATED_OBJC_IMPLEMENTATIONS = YES;
				CLANG_WARN_DIRECT_OBJC_ISA_USAGE = YES_ERROR;
				CLANG_WARN_DOCUMENTATION_COMMENTS = YES;
				CLANG_WARN_EMPTY_BODY = YES;
				CLANG_WARN_ENUM_CONVERSION = YES;
				CLANG_WARN_INFINITE_RECURSION = YES;
				CLANG_WARN_INT_CONVERSION = YES;
				CLANG_WARN_NON_LITERAL_NULL_CONVERSION = YES;
				CLANG_WARN_OBJC_IMPLICIT_RETAIN_SELF = YES;
				CLANG_WARN_OBJC_LITERAL_CONVERSION = YES;
				CLANG_WARN_OBJC_ROOT_CLASS = YES_ERROR;
				CLANG_WARN_RANGE_LOOP_ANALYSIS = YES;
				CLANG_WARN_STRICT_PROTOTYPES = YES;
				CLANG_WARN_SUSPICIOUS_MOVE = YES;
				CLANG_WARN_UNGUARDED_AVAILABILITY = YES_AGGRESSIVE;
				CLANG_WARN_UNREACHABLE_CODE = YES;
				CLANG_WARN__DUPLICATE_METHOD_MATCH = YES;
				COPY_PHASE_STRIP = NO;
				DEBUG_INFORMATION_FORMAT = dwarf;
				ENABLE_STRICT_OBJC_MSGSEND = YES;
				ENABLE_TESTABILITY = YES;
				GCC_C_LANGUAGE_STANDARD = gnu11;
				GCC_DYNAMIC_NO_PIC = NO;
				GCC_NO_COMMON_BLOCKS = YES;
				GCC_OPTIMIZATION_LEVEL = 0;
				GCC_PREPROCESSOR_DEFINITIONS = (
					"DEBUG=1",
					"$(inherited)",
				);
				GCC_WARN_64_TO_32_BIT_CONVERSION = YES;
				GCC_WARN_ABOUT_RETURN_TYPE = YES_ERROR;
				GCC_WARN_UNDECLARED_SELECTOR = YES;
				GCC_WARN_UNINITIALIZED_AUTOS = YES_AGGRESSIVE;
				GCC_WARN_UNUSED_FUNCTION = YES;
				GCC_WARN_UNUSED_VARIABLE = YES;
				IPHONEOS_DEPLOYMENT_TARGET = 13.2;
				MTL_ENABLE_DEBUG_INFO = INCLUDE_SOURCE;
				MTL_FAST_MATH = YES;
				ONLY_ACTIVE_ARCH = YES;
				SDKROOT = iphoneos;
				SWIFT_ACTIVE_COMPILATION_CONDITIONS = DEBUG;
				SWIFT_OPTIMIZATION_LEVEL = "-Onone";
			};
			name = Debug;
		};
		ECF10A3725BD8FBB00E9A7FC /* Release */ = {
			isa = XCBuildConfiguration;
			buildSettings = {
				ALWAYS_SEARCH_USER_PATHS = NO;
				CLANG_ANALYZER_NONNULL = YES;
				CLANG_ANALYZER_NUMBER_OBJECT_CONVERSION = YES_AGGRESSIVE;
				CLANG_CXX_LANGUAGE_STANDARD = "gnu++14";
				CLANG_CXX_LIBRARY = "libc++";
				CLANG_ENABLE_MODULES = YES;
				CLANG_ENABLE_OBJC_ARC = YES;
				CLANG_ENABLE_OBJC_WEAK = YES;
				CLANG_WARN_BLOCK_CAPTURE_AUTORELEASING = YES;
				CLANG_WARN_BOOL_CONVERSION = YES;
				CLANG_WARN_COMMA = YES;
				CLANG_WARN_CONSTANT_CONVERSION = YES;
				CLANG_WARN_DEPRECATED_OBJC_IMPLEMENTATIONS = YES;
				CLANG_WARN_DIRECT_OBJC_ISA_USAGE = YES_ERROR;
				CLANG_WARN_DOCUMENTATION_COMMENTS = YES;
				CLANG_WARN_EMPTY_BODY = YES;
				CLANG_WARN_ENUM_CONVERSION = YES;
				CLANG_WARN_INFINITE_RECURSION = YES;
				CLANG_WARN_INT_CONVERSION = YES;
				CLANG_WARN_NON_LITERAL_NULL_CONVERSION = YES;
				CLANG_WARN_OBJC_IMPLICIT_RETAIN_SELF = YES;
				CLANG_WARN_OBJC_LITERAL_CONVERSION = YES;
				CLANG_WARN_OBJC_ROOT_CLASS = YES_ERROR;
				CLANG_WARN_RANGE_LOOP_ANALYSIS = YES;
				CLANG_WARN_STRICT_PROTOTYPES = YES;
				CLANG_WARN_SUSPICIOUS_MOVE = YES;
				CLANG_WARN_UNGUARDED_AVAILABILITY = YES_AGGRESSIVE;
				CLANG_WARN_UNREACHABLE_CODE = YES;
				CLANG_WARN__DUPLICATE_METHOD_MATCH = YES;
				COPY_PHASE_STRIP = NO;
				DEBUG_INFORMATION_FORMAT = "dwarf-with-dsym";
				ENABLE_NS_ASSERTIONS = NO;
				ENABLE_STRICT_OBJC_MSGSEND = YES;
				GCC_C_LANGUAGE_STANDARD = gnu11;
				GCC_NO_COMMON_BLOCKS = YES;
				GCC_WARN_64_TO_32_BIT_CONVERSION = YES;
				GCC_WARN_ABOUT_RETURN_TYPE = YES_ERROR;
				GCC_WARN_UNDECLARED_SELECTOR = YES;
				GCC_WARN_UNINITIALIZED_AUTOS = YES_AGGRESSIVE;
				GCC_WARN_UNUSED_FUNCTION = YES;
				GCC_WARN_UNUSED_VARIABLE = YES;
				IPHONEOS_DEPLOYMENT_TARGET = 13.2;
				MTL_ENABLE_DEBUG_INFO = NO;
				MTL_FAST_MATH = YES;
				SDKROOT = iphoneos;
				SWIFT_COMPILATION_MODE = wholemodule;
				SWIFT_OPTIMIZATION_LEVEL = "-O";
				VALIDATE_PRODUCT = YES;
			};
			name = Release;
		};
		ECF10A3925BD8FBB00E9A7FC /* Debug */ = {
			isa = XCBuildConfiguration;
			buildSettings = {
				ASSETCATALOG_COMPILER_APPICON_NAME = AppIcon;
				CODE_SIGNING_ALLOWED = NO;
				CODE_SIGN_IDENTITY = "";
				CODE_SIGN_STYLE = Manual;
				DEVELOPMENT_TEAM = "";
				INFOPLIST_FILE = Bullseye/Info.plist;
				IPHONEOS_DEPLOYMENT_TARGET = 13.2;
				LD_RUNPATH_SEARCH_PATHS = (
					"$(inherited)",
					"@executable_path/Frameworks",
				);
				PRODUCT_BUNDLE_IDENTIFIER = com.technocrats.bullseye;
				PRODUCT_NAME = "$(TARGET_NAME)";
				PROVISIONING_PROFILE_SPECIFIER = "";
				SWIFT_VERSION = 5.0;
				TARGETED_DEVICE_FAMILY = 1;
			};
			name = Debug;
		};
		ECF10A3A25BD8FBB00E9A7FC /* Release */ = {
			isa = XCBuildConfiguration;
			buildSettings = {
				ASSETCATALOG_COMPILER_APPICON_NAME = AppIcon;
				CODE_SIGNING_ALLOWED = NO;
				CODE_SIGN_IDENTITY = "";
				CODE_SIGN_STYLE = Manual;
				DEVELOPMENT_TEAM = "";
				INFOPLIST_FILE = Bullseye/Info.plist;
				IPHONEOS_DEPLOYMENT_TARGET = 13.2;
				LD_RUNPATH_SEARCH_PATHS = (
					"$(inherited)",
					"@executable_path/Frameworks",
				);
				PRODUCT_BUNDLE_IDENTIFIER = com.technocrats.bullseye;
				PRODUCT_NAME = "$(TARGET_NAME)";
				PROVISIONING_PROFILE_SPECIFIER = "";
				SWIFT_VERSION = 5.0;
				TARGETED_DEVICE_FAMILY = 1;
			};
			name = Release;
		};
		ECF10A3C25BD8FBB00E9A7FC /* Debug */ = {
			isa = XCBuildConfiguration;
			buildSettings = {
				ALWAYS_EMBED_SWIFT_STANDARD_LIBRARIES = YES;
				BUNDLE_LOADER = "$(TEST_HOST)";
				CODE_SIGN_STYLE = Automatic;
				DEVELOPMENT_TEAM = H73MJ784VS;
				INFOPLIST_FILE = BullseyeTests/Info.plist;
				IPHONEOS_DEPLOYMENT_TARGET = 13.2;
				LD_RUNPATH_SEARCH_PATHS = (
					"$(inherited)",
					"@executable_path/Frameworks",
					"@loader_path/Frameworks",
				);
				PRODUCT_BUNDLE_IDENTIFIER = com.technocrats.BullseyeTests;
				PRODUCT_NAME = "$(TARGET_NAME)";
				SWIFT_VERSION = 5.0;
				TARGETED_DEVICE_FAMILY = "1,2";
				TEST_HOST = "$(BUILT_PRODUCTS_DIR)/Bullseye.app/Bullseye";
			};
			name = Debug;
		};
		ECF10A3D25BD8FBB00E9A7FC /* Release */ = {
			isa = XCBuildConfiguration;
			buildSettings = {
				ALWAYS_EMBED_SWIFT_STANDARD_LIBRARIES = YES;
				BUNDLE_LOADER = "$(TEST_HOST)";
				CODE_SIGN_STYLE = Automatic;
				DEVELOPMENT_TEAM = H73MJ784VS;
				INFOPLIST_FILE = BullseyeTests/Info.plist;
				IPHONEOS_DEPLOYMENT_TARGET = 13.2;
				LD_RUNPATH_SEARCH_PATHS = (
					"$(inherited)",
					"@executable_path/Frameworks",
					"@loader_path/Frameworks",
				);
				PRODUCT_BUNDLE_IDENTIFIER = com.technocrats.BullseyeTests;
				PRODUCT_NAME = "$(TARGET_NAME)";
				SWIFT_VERSION = 5.0;
				TARGETED_DEVICE_FAMILY = "1,2";
				TEST_HOST = "$(BUILT_PRODUCTS_DIR)/Bullseye.app/Bullseye";
			};
			name = Release;
		};
		ECF10A3F25BD8FBB00E9A7FC /* Debug */ = {
			isa = XCBuildConfiguration;
			buildSettings = {
				ALWAYS_EMBED_SWIFT_STANDARD_LIBRARIES = YES;
				CODE_SIGN_STYLE = Automatic;
				DEVELOPMENT_TEAM = H73MJ784VS;
				INFOPLIST_FILE = BullseyeUITests/Info.plist;
				LD_RUNPATH_SEARCH_PATHS = (
					"$(inherited)",
					"@executable_path/Frameworks",
					"@loader_path/Frameworks",
				);
				PRODUCT_BUNDLE_IDENTIFIER = com.technocrats.BullseyeUITests;
				PRODUCT_NAME = "$(TARGET_NAME)";
				SWIFT_VERSION = 5.0;
				TARGETED_DEVICE_FAMILY = "1,2";
				TEST_TARGET_NAME = Bullseye;
			};
			name = Debug;
		};
		ECF10A4025BD8FBB00E9A7FC /* Release */ = {
			isa = XCBuildConfiguration;
			buildSettings = {
				ALWAYS_EMBED_SWIFT_STANDARD_LIBRARIES = YES;
				CODE_SIGN_STYLE = Automatic;
				DEVELOPMENT_TEAM = H73MJ784VS;
				INFOPLIST_FILE = BullseyeUITests/Info.plist;
				LD_RUNPATH_SEARCH_PATHS = (
					"$(inherited)",
					"@executable_path/Frameworks",
					"@loader_path/Frameworks",
				);
				PRODUCT_BUNDLE_IDENTIFIER = com.technocrats.BullseyeUITests;
				PRODUCT_NAME = "$(TARGET_NAME)";
				SWIFT_VERSION = 5.0;
				TARGETED_DEVICE_FAMILY = "1,2";
				TEST_TARGET_NAME = Bullseye;
			};
			name = Release;
		};
/* End XCBuildConfiguration section */

/* Begin XCConfigurationList section */
		ECF10A0925BD8FB800E9A7FC /* Build configuration list for PBXProject "Bullseye" */ = {
			isa = XCConfigurationList;
			buildConfigurations = (
				ECF10A3625BD8FBB00E9A7FC /* Debug */,
				ECF10A3725BD8FBB00E9A7FC /* Release */,
			);
			defaultConfigurationIsVisible = 0;
			defaultConfigurationName = Release;
		};
		ECF10A3825BD8FBB00E9A7FC /* Build configuration list for PBXNativeTarget "Bullseye" */ = {
			isa = XCConfigurationList;
			buildConfigurations = (
				ECF10A3925BD8FBB00E9A7FC /* Debug */,
				ECF10A3A25BD8FBB00E9A7FC /* Release */,
			);
			defaultConfigurationIsVisible = 0;
			defaultConfigurationName = Release;
		};
		ECF10A3B25BD8FBB00E9A7FC /* Build configuration list for PBXNativeTarget "BullseyeTests" */ = {
			isa = XCConfigurationList;
			buildConfigurations = (
				ECF10A3C25BD8FBB00E9A7FC /* Debug */,
				ECF10A3D25BD8FBB00E9A7FC /* Release */,
			);
			defaultConfigurationIsVisible = 0;
			defaultConfigurationName = Release;
		};
		ECF10A3E25BD8FBB00E9A7FC /* Build configuration list for PBXNativeTarget "BullseyeUITests" */ = {
			isa = XCConfigurationList;
			buildConfigurations = (
				ECF10A3F25BD8FBB00E9A7FC /* Debug */,
				ECF10A4025BD8FBB00E9A7FC /* Release */,
			);
			defaultConfigurationIsVisible = 0;
			defaultConfigurationName = Release;
		};
/* End XCConfigurationList section */
	};
	rootObject = ECF10A0625BD8FB800E9A7FC /* Project object */;
}
